{
    "name": "auto-comment-blocks",
    "version": "2.0.0",
    "lockfileVersion": 3,
    "requires": true,
    "packages": {
        "": {
            "name": "auto-comment-blocks",
            "version": "2.0.0",
            "license": "MIT",
            "devDependencies": {
                "@types/mocha": "^2.2.48",
                "@types/node": "^20",
                "@types/vscode": "^1.90.0",
                "mocha": "^2.3.3",
                "typescript": "^5.9"
            },
            "engines": {
                "vscode": "^1.90.0"
            }
        },
        "node_modules/@types/mocha": {
            "version": "2.2.48",
            "resolved": "https://registry.npmjs.org/@types/mocha/-/mocha-2.2.48.tgz",
            "integrity": "sha512-nlK/iyETgafGli8Zh9zJVCTicvU3iajSkRwOh3Hhiva598CMqNJ4NcVCGMTGKpGpTYj/9R8RLzS9NAykSSCqGw==",
            "dev": true
        },
        "node_modules/@types/node": {
            "version": "20.19.19",
            "resolved": "https://registry.npmjs.org/@types/node/-/node-20.19.19.tgz",
            "integrity": "sha512-pb1Uqj5WJP7wrcbLU7Ru4QtA0+3kAXrkutGiD26wUKzSMgNNaPARTUDQmElUXp64kh3cWdou3Q0C7qwwxqSFmg==",
            "dev": true,
            "license": "MIT",
            "dependencies": {
                "undici-types": "~6.21.0"
            }
        },
        "node_modules/@types/vscode": {
            "version": "1.104.0",
            "resolved": "https://registry.npmjs.org/@types/vscode/-/vscode-1.104.0.tgz",
            "integrity": "sha512-0KwoU2rZ2ecsTGFxo4K1+f+AErRsYW0fsp6A0zufzGuhyczc2IoKqYqcwXidKXmy2u8YB2GsYsOtiI9Izx3Tig==",
            "dev": true,
            "license": "MIT"
        },
        "node_modules/commander": {
            "version": "2.3.0",
            "resolved": "https://registry.npmjs.org/commander/-/commander-2.3.0.tgz",
            "integrity": "sha1-/UMOiJgy7DU7ms0d4hfBHLPu+HM=",
            "dev": true,
            "engines": {
                "node": ">= 0.6.x"
            }
        },
        "node_modules/debug": {
            "version": "2.2.0",
            "resolved": "https://registry.npmjs.org/debug/-/debug-2.2.0.tgz",
            "integrity": "sha512-X0rGvJcskG1c3TgSCPqHJ0XJgwlcvOC7elJ5Y0hYuKBZoVqWpAMfLOeIh2UI/DCQ5ruodIjvsugZtjUYUw2pUw==",
            "dev": true,
            "license": "MIT",
            "dependencies": {
                "ms": "0.7.1"
            }
        },
        "node_modules/diff": {
            "version": "1.4.0",
            "resolved": "https://registry.npmjs.org/diff/-/diff-1.4.0.tgz",
            "integrity": "sha512-VzVc42hMZbYU9Sx/ltb7KYuQ6pqAw+cbFWVy4XKdkuEL2CFaRLGEnISPs7YdzaUGpi+CpIqvRmu7hPQ4T7EQ5w==",
            "dev": true,
            "engines": {
                "node": ">=0.3.1"
            }
        },
        "node_modules/escape-string-regexp": {
            "version": "1.0.2",
            "resolved": "https://registry.npmjs.org/escape-string-regexp/-/escape-string-regexp-1.0.2.tgz",
            "integrity": "sha1-Tbwv5nTnGUnK8/smlc5/LcHZqNE=",
            "dev": true,
            "engines": {
                "node": ">=0.8.0"
            }
        },
        "node_modules/glob": {
            "version": "3.2.11",
            "resolved": "https://registry.npmjs.org/glob/-/glob-3.2.11.tgz",
            "integrity": "sha512-hVb0zwEZwC1FXSKRPFTeOtN7AArJcJlI6ULGLtrstaswKNlrTJqAA+1lYlSUop4vjA423xlBzqfVS3iWGlqJ+g==",
            "deprecated": "Glob versions prior to v9 are no longer supported",
            "dev": true,
            "license": "BSD",
            "dependencies": {
                "inherits": "2",
                "minimatch": "0.3"
            },
            "engines": {
                "node": "*"
            }
        },
        "node_modules/growl": {
            "version": "1.9.2",
            "resolved": "https://registry.npmjs.org/growl/-/growl-1.9.2.tgz",
            "integrity": "sha512-RTBwDHhNuOx4F0hqzItc/siXCasGfC4DeWcBamclWd+6jWtBaeB/SGbMkGf0eiQoW7ib8JpvOgnUsmgMHI3Mfw==",
            "dev": true,
            "license": "MIT"
        },
        "node_modules/inherits": {
            "version": "2.0.4",
            "resolved": "https://registry.npmjs.org/inherits/-/inherits-2.0.4.tgz",
            "integrity": "sha512-k/vGaX4/Yla3WzyMCvTQOXYeIHvqOKtnqBduzTHpzpQZzAskKMhZ2K+EnBiSM9zGSoIFeMpXKxa4dYeZIQqewQ==",
            "dev": true
        },
        "node_modules/jade": {
            "version": "0.26.3",
            "resolved": "https://registry.npmjs.org/jade/-/jade-0.26.3.tgz",
            "integrity": "sha1-jxDXl32NefL2/4YqgbBRPMslaGw=",
            "deprecated": "Jade has been renamed to pug, please install the latest version of pug instead of jade",
            "dev": true,
            "dependencies": {
                "commander": "0.6.1",
                "mkdirp": "0.3.0"
            },
            "bin": {
                "jade": "bin/jade"
            }
        },
        "node_modules/jade/node_modules/commander": {
            "version": "0.6.1",
            "resolved": "https://registry.npmjs.org/commander/-/commander-0.6.1.tgz",
            "integrity": "sha1-+mihT2qUXVTbvlDYzbMyDp47GgY=",
            "dev": true,
            "engines": {
                "node": ">= 0.4.x"
            }
        },
        "node_modules/jade/node_modules/mkdirp": {
            "version": "0.3.0",
            "resolved": "https://registry.npmjs.org/mkdirp/-/mkdirp-0.3.0.tgz",
            "integrity": "sha1-G79asbqCevI1dRQ0kEJkVfSB/h4=",
            "deprecated": "Legacy versions of mkdirp are no longer supported. Please update to mkdirp 1.x. (Note that the API surface has changed to use Promises in 1.x.)",
            "dev": true,
            "engines": {
                "node": "*"
            }
        },
        "node_modules/lru-cache": {
            "version": "2.7.3",
            "resolved": "https://registry.npmjs.org/lru-cache/-/lru-cache-2.7.3.tgz",
            "integrity": "sha1-bUUk6LlV+V1PW1iFHOId1y+06VI=",
            "dev": true
        },
        "node_modules/minimatch": {
            "version": "0.3.0",
            "resolved": "https://registry.npmjs.org/minimatch/-/minimatch-0.3.0.tgz",
            "integrity": "sha512-WFX1jI1AaxNTZVOHLBVazwTWKaQjoykSzCBNXB72vDTCzopQGtyP91tKdFK5cv1+qMwPyiTu1HqUriqplI8pcA==",
            "deprecated": "Please update to minimatch 3.0.2 or higher to avoid a RegExp DoS issue",
            "dev": true,
            "license": "MIT",
            "dependencies": {
                "lru-cache": "2",
                "sigmund": "~1.0.0"
            },
            "engines": {
                "node": "*"
            }
        },
        "node_modules/minimist": {
            "version": "0.0.8",
            "resolved": "https://registry.npmjs.org/minimist/-/minimist-0.0.8.tgz",
            "integrity": "sha512-miQKw5Hv4NS1Psg2517mV4e4dYNaO3++hjAvLOAzKqZ61rH8NS1SK+vbfBWZ5PY/Me/bEWhUwqMghEW5Fb9T7Q==",
            "dev": true,
            "license": "MIT"
        },
        "node_modules/mkdirp": {
            "version": "0.5.1",
            "resolved": "https://registry.npmjs.org/mkdirp/-/mkdirp-0.5.1.tgz",
            "integrity": "sha512-SknJC52obPfGQPnjIkXbmA6+5H15E+fR+E4iR2oQ3zzCLbd7/ONua69R/Gw7AgkTLsRG+r5fzksYwWe1AgTyWA==",
            "deprecated": "Legacy versions of mkdirp are no longer supported. Please update to mkdirp 1.x. (Note that the API surface has changed to use Promises in 1.x.)",
            "dev": true,
            "license": "MIT",
            "dependencies": {
                "minimist": "0.0.8"
            },
            "bin": {
                "mkdirp": "bin/cmd.js"
            }
        },
        "node_modules/mocha": {
            "version": "2.5.3",
            "resolved": "https://registry.npmjs.org/mocha/-/mocha-2.5.3.tgz",
            "integrity": "sha512-jNt2iEk9FPmZLzL+sm4FNyOIDYXf2wUU6L4Cc8OIKK/kzgMHKPi4YhTZqG4bW4kQVdIv6wutDybRhXfdnujA1Q==",
            "dev": true,
            "license": "MIT",
            "dependencies": {
                "commander": "2.3.0",
                "debug": "2.2.0",
                "diff": "1.4.0",
                "escape-string-regexp": "1.0.2",
                "glob": "3.2.11",
                "growl": "1.9.2",
                "jade": "0.26.3",
                "mkdirp": "0.5.1",
                "supports-color": "1.2.0",
                "to-iso-string": "0.0.2"
            },
            "bin": {
                "_mocha": "bin/_mocha",
                "mocha": "bin/mocha"
            },
            "engines": {
                "node": ">= 0.8.x"
            }
        },
        "node_modules/ms": {
            "version": "0.7.1",
            "resolved": "https://registry.npmjs.org/ms/-/ms-0.7.1.tgz",
            "integrity": "sha512-lRLiIR9fSNpnP6TC4v8+4OU7oStC01esuNowdQ34L+Gk8e5Puoc88IqJ+XAY/B3Mn2ZKis8l8HX90oU8ivzUHg==",
            "dev": true
        },
        "node_modules/sigmund": {
            "version": "1.0.1",
            "resolved": "https://registry.npmjs.org/sigmund/-/sigmund-1.0.1.tgz",
            "integrity": "sha1-P/IfGYytIXX587eBhT/ZTQ0ZtZA=",
            "dev": true
        },
        "node_modules/supports-color": {
            "version": "1.2.0",
            "resolved": "https://registry.npmjs.org/supports-color/-/supports-color-1.2.0.tgz",
            "integrity": "sha1-/x7R5hFp0Gs88tWI4YixjYhH4X4=",
            "dev": true,
            "bin": {
                "supports-color": "cli.js"
            },
            "engines": {
                "node": ">=0.10.0"
            }
        },
        "node_modules/to-iso-string": {
            "version": "0.0.2",
            "resolved": "https://registry.npmjs.org/to-iso-string/-/to-iso-string-0.0.2.tgz",
            "integrity": "sha1-TcGeZk38y+Jb2NtQiwDG2hWCVdE=",
            "deprecated": "to-iso-string has been deprecated, use @segment/to-iso-string instead.",
            "dev": true
        },
        "node_modules/typescript": {
            "version": "5.9.3",
            "resolved": "https://registry.npmjs.org/typescript/-/typescript-5.9.3.tgz",
            "integrity": "sha512-jl1vZzPDinLr9eUt3J/t7V6FgNEw9QjvBPdysz9KfQDD41fQrC2Y4vKQdiaUpFT4bXlb1RHhLpp8wtm6M5TgSw==",
            "dev": true,
            "license": "Apache-2.0",
            "bin": {
                "tsc": "bin/tsc",
                "tsserver": "bin/tsserver"
            },
            "engines": {
                "node": ">=14.17"
            }
        },
        "node_modules/undici-types": {
            "version": "6.21.0",
            "resolved": "https://registry.npmjs.org/undici-types/-/undici-types-6.21.0.tgz",
            "integrity": "sha512-iwDZqg0QAGrg9Rav5H4n0M64c3mkR59cJ6wQp+7C4nI0gsmExaedaYLNO44eT4AtBBwjbTiGPMlt2Md0T9H9JQ==",
            "dev": true,
            "license": "MIT"
        }
    }
}
